
Microsoft Visual Studio Solution File, Format Version 12.00
# Visual Studio Version 17
VisualStudioVersion = 17.11.35327.3
MinimumVisualStudioVersion = 10.0.40219.1
Project("{FAE04EC0-301F-11D3-BF4B-00C04F79EFBC}") = "UnTraid", "UnTraid.csproj", "{62E9F1AA-3C88-4D9A-BC4F-49319C32B8F4}"
EndProject
Global
	GlobalSection(SolutionConfigurationPlatforms) = preSolution
		Debug|Any CPU = Debug|Any CPU
		Release|Any CPU = Release|Any CPU
	EndGlobalSection
	GlobalSection(ProjectConfigurationPlatforms) = postSolution
		{62E9F1AA-3C88-4D9A-BC4F-49319C32B8F4}.Debug|Any CPU.ActiveCfg = Debug|Any CPU
		{62E9F1AA-3C88-4D9A-BC4F-49319C32B8F4}.Debug|Any CPU.Build.0 = Debug|Any CPU
		{62E9F1AA-3C88-4D9A-BC4F-49319C32B8F4}.Release|Any CPU.ActiveCfg = Release|Any CPU
		{62E9F1AA-3C88-4D9A-BC4F-49319C32B8F4}.Release|Any CPU.Build.0 = Release|Any CPU
	EndGlobalSection
	GlobalSection(SolutionProperties) = preSolution
		HideSolutionNode = FALSE
	EndGlobalSection
	GlobalSection(ExtensibilityGlobals) = postSolution
		SolutionGuid = {EAAF178B-0C77-4A39-B82E-EB4BFE81E596}
	EndGlobalSection
EndGlobal
